
Microsoft Visual Studio Solution File, Format Version 12.00
# Visual Studio Version 17
VisualStudioVersion = 17.5.002.0
MinimumVisualStudioVersion = 10.0.40219.1
Project("{2150E333-8FDC-42A3-9474-1A3956D46DE8}") = "sandbox", "sandbox", "{C309C25C-ED8B-4DE6-8A58-BF7D474EF55E}"
EndProject
Project("{9A19103F-16F7-4668-BE54-9A1E7A4F7556}") = "sandbox_project", "sandbox\sandbox_project\sandbox_project.csproj", "{E4F3FD70-5E39-4BE0-97C8-2CB7B29EE8E3}"
EndProject
Project("{2150E333-8FDC-42A3-9474-1A3956D46DE8}") = "week01", "week01", "{7CF7AD43-E29B-4D07-AC0C-A07B029F6022}"
EndProject
Project("{9A19103F-16F7-4668-BE54-9A1E7A4F7556}") = "analyze", "week01\analyze\analyze.csproj", "{CB9FDE9B-E7AB-4403-AA08-50F6041B6AD4}"
EndProject
Project("{9A19103F-16F7-4668-BE54-9A1E7A4F7556}") = "code", "week01\code\code.csproj", "{C5F1CE9A-ADE3-4ED1-98A9-FE5804195A08}"
EndProject
Project("{9A19103F-16F7-4668-BE54-9A1E7A4F7556}") = "teach", "week01\teach\teach.csproj", "{9D33FCA9-A47B-4CBB-9B48-08FDD442F55D}"
EndProject
Project("{2150E333-8FDC-42A3-9474-1A3956D46DE8}") = "week02", "week02", "{EB94D0F5-02B8-4A42-98BD-F93C588DBF5F}"
EndProject
Project("{9A19103F-16F7-4668-BE54-9A1E7A4F7556}") = "analyze", "week02\analyze\analyze.csproj", "{531854BB-D6DE-4934-AA56-E87C929CADDD}"
EndProject
Project("{9A19103F-16F7-4668-BE54-9A1E7A4F7556}") = "code", "week02\code\code.csproj", "{6B4DE29C-BE77-4EE6-9E18-F71DCC2D7214}"
EndProject
Project("{9A19103F-16F7-4668-BE54-9A1E7A4F7556}") = "learn", "week02\learn\learn.csproj", "{F5441CCC-DBAF-4CAF-8981-A3FE5FC25375}"
EndProject
Project("{9A19103F-16F7-4668-BE54-9A1E7A4F7556}") = "teach", "week02\teach\teach.csproj", "{10AA1B30-B2B3-466D-832A-0D7D21E9F306}"
EndProject
Project("{2150E333-8FDC-42A3-9474-1A3956D46DE8}") = "week03", "week03", "{4B84A62E-EB26-4517-B6C0-B05D7D74396D}"
EndProject
Project("{9A19103F-16F7-4668-BE54-9A1E7A4F7556}") = "code", "week03\code\code.csproj", "{16C1D9AA-7038-4C07-BB20-12CCBB3F9541}"
EndProject
Project("{9A19103F-16F7-4668-BE54-9A1E7A4F7556}") = "learn", "week03\learn\learn.csproj", "{BEA44A3F-F93E-4FC1-B230-E49F8EAF9D2F}"
EndProject
Project("{9A19103F-16F7-4668-BE54-9A1E7A4F7556}") = "teach", "week03\teach\teach.csproj", "{D3F0B7A4-C61D-4B2E-9FB8-C59B761DE95C}"
EndProject
Project("{2150E333-8FDC-42A3-9474-1A3956D46DE8}") = "week04", "week04", "{7AB9EE5D-3E28-431C-AFE0-A8DB5A3DA40E}"
EndProject
Project("{9A19103F-16F7-4668-BE54-9A1E7A4F7556}") = "code", "week04\code\code.csproj", "{E54C06CE-CE46-4F54-850C-9EB51198C4EA}"
EndProject
Project("{2150E333-8FDC-42A3-9474-1A3956D46DE8}") = "week05", "week05", "{0F6ACB89-EBB0-40E6-A46C-40BA50D60639}"
EndProject
Project("{9A19103F-16F7-4668-BE54-9A1E7A4F7556}") = "code", "week05\code\code.csproj", "{BEDEB1EC-9198-409C-8642-61F0D692D51D}"
EndProject
Project("{2150E333-8FDC-42A3-9474-1A3956D46DE8}") = "week06", "week06", "{FF2D74DE-01B3-4BD8-88EF-2ED97D99B131}"
EndProject
Project("{9A19103F-16F7-4668-BE54-9A1E7A4F7556}") = "code", "week06\code\code.csproj", "{B14E7E67-E9E2-42A6-91DA-F892CEE0414A}"
EndProject
Global
	GlobalSection(SolutionConfigurationPlatforms) = preSolution
		Debug|Any CPU = Debug|Any CPU
		Release|Any CPU = Release|Any CPU
	EndGlobalSection
	GlobalSection(ProjectConfigurationPlatforms) = postSolution
		{E4F3FD70-5E39-4BE0-97C8-2CB7B29EE8E3}.Debug|Any CPU.ActiveCfg = Debug|Any CPU
		{E4F3FD70-5E39-4BE0-97C8-2CB7B29EE8E3}.Debug|Any CPU.Build.0 = Debug|Any CPU
		{E4F3FD70-5E39-4BE0-97C8-2CB7B29EE8E3}.Release|Any CPU.ActiveCfg = Release|Any CPU
		{E4F3FD70-5E39-4BE0-97C8-2CB7B29EE8E3}.Release|Any CPU.Build.0 = Release|Any CPU
		{CB9FDE9B-E7AB-4403-AA08-50F6041B6AD4}.Debug|Any CPU.ActiveCfg = Debug|Any CPU
		{CB9FDE9B-E7AB-4403-AA08-50F6041B6AD4}.Debug|Any CPU.Build.0 = Debug|Any CPU
		{CB9FDE9B-E7AB-4403-AA08-50F6041B6AD4}.Release|Any CPU.ActiveCfg = Release|Any CPU
		{CB9FDE9B-E7AB-4403-AA08-50F6041B6AD4}.Release|Any CPU.Build.0 = Release|Any CPU
		{C5F1CE9A-ADE3-4ED1-98A9-FE5804195A08}.Debug|Any CPU.ActiveCfg = Debug|Any CPU
		{C5F1CE9A-ADE3-4ED1-98A9-FE5804195A08}.Debug|Any CPU.Build.0 = Debug|Any CPU
		{C5F1CE9A-ADE3-4ED1-98A9-FE5804195A08}.Release|Any CPU.ActiveCfg = Release|Any CPU
		{C5F1CE9A-ADE3-4ED1-98A9-FE5804195A08}.Release|Any CPU.Build.0 = Release|Any CPU
		{9D33FCA9-A47B-4CBB-9B48-08FDD442F55D}.Debug|Any CPU.ActiveCfg = Debug|Any CPU
		{9D33FCA9-A47B-4CBB-9B48-08FDD442F55D}.Debug|Any CPU.Build.0 = Debug|Any CPU
		{9D33FCA9-A47B-4CBB-9B48-08FDD442F55D}.Release|Any CPU.ActiveCfg = Release|Any CPU
		{9D33FCA9-A47B-4CBB-9B48-08FDD442F55D}.Release|Any CPU.Build.0 = Release|Any CPU
		{531854BB-D6DE-4934-AA56-E87C929CADDD}.Debug|Any CPU.ActiveCfg = Debug|Any CPU
		{531854BB-D6DE-4934-AA56-E87C929CADDD}.Debug|Any CPU.Build.0 = Debug|Any CPU
		{531854BB-D6DE-4934-AA56-E87C929CADDD}.Release|Any CPU.ActiveCfg = Release|Any CPU
		{531854BB-D6DE-4934-AA56-E87C929CADDD}.Release|Any CPU.Build.0 = Release|Any CPU
		{6B4DE29C-BE77-4EE6-9E18-F71DCC2D7214}.Debug|Any CPU.ActiveCfg = Debug|Any CPU
		{6B4DE29C-BE77-4EE6-9E18-F71DCC2D7214}.Debug|Any CPU.Build.0 = Debug|Any CPU
		{6B4DE29C-BE77-4EE6-9E18-F71DCC2D7214}.Release|Any CPU.ActiveCfg = Release|Any CPU
		{6B4DE29C-BE77-4EE6-9E18-F71DCC2D7214}.Release|Any CPU.Build.0 = Release|Any CPU
		{F5441CCC-DBAF-4CAF-8981-A3FE5FC25375}.Debug|Any CPU.ActiveCfg = Debug|Any CPU
		{F5441CCC-DBAF-4CAF-8981-A3FE5FC25375}.Debug|Any CPU.Build.0 = Debug|Any CPU
		{F5441CCC-DBAF-4CAF-8981-A3FE5FC25375}.Release|Any CPU.ActiveCfg = Release|Any CPU
		{F5441CCC-DBAF-4CAF-8981-A3FE5FC25375}.Release|Any CPU.Build.0 = Release|Any CPU
		{10AA1B30-B2B3-466D-832A-0D7D21E9F306}.Debug|Any CPU.ActiveCfg = Debug|Any CPU
		{10AA1B30-B2B3-466D-832A-0D7D21E9F306}.Debug|Any CPU.Build.0 = Debug|Any CPU
		{10AA1B30-B2B3-466D-832A-0D7D21E9F306}.Release|Any CPU.ActiveCfg = Release|Any CPU
		{10AA1B30-B2B3-466D-832A-0D7D21E9F306}.Release|Any CPU.Build.0 = Release|Any CPU
		{16C1D9AA-7038-4C07-BB20-12CCBB3F9541}.Debug|Any CPU.ActiveCfg = Debug|Any CPU
		{16C1D9AA-7038-4C07-BB20-12CCBB3F9541}.Debug|Any CPU.Build.0 = Debug|Any CPU
		{16C1D9AA-7038-4C07-BB20-12CCBB3F9541}.Release|Any CPU.ActiveCfg = Release|Any CPU
		{16C1D9AA-7038-4C07-BB20-12CCBB3F9541}.Release|Any CPU.Build.0 = Release|Any CPU
		{BEA44A3F-F93E-4FC1-B230-E49F8EAF9D2F}.Debug|Any CPU.ActiveCfg = Debug|Any CPU
		{BEA44A3F-F93E-4FC1-B230-E49F8EAF9D2F}.Debug|Any CPU.Build.0 = Debug|Any CPU
		{BEA44A3F-F93E-4FC1-B230-E49F8EAF9D2F}.Release|Any CPU.ActiveCfg = Release|Any CPU
		{BEA44A3F-F93E-4FC1-B230-E49F8EAF9D2F}.Release|Any CPU.Build.0 = Release|Any CPU
		{D3F0B7A4-C61D-4B2E-9FB8-C59B761DE95C}.Debug|Any CPU.ActiveCfg = Debug|Any CPU
		{D3F0B7A4-C61D-4B2E-9FB8-C59B761DE95C}.Debug|Any CPU.Build.0 = Debug|Any CPU
		{D3F0B7A4-C61D-4B2E-9FB8-C59B761DE95C}.Release|Any CPU.ActiveCfg = Release|Any CPU
		{D3F0B7A4-C61D-4B2E-9FB8-C59B761DE95C}.Release|Any CPU.Build.0 = Release|Any CPU
		{E54C06CE-CE46-4F54-850C-9EB51198C4EA}.Debug|Any CPU.ActiveCfg = Debug|Any CPU
		{E54C06CE-CE46-4F54-850C-9EB51198C4EA}.Debug|Any CPU.Build.0 = Debug|Any CPU
		{E54C06CE-CE46-4F54-850C-9EB51198C4EA}.Release|Any CPU.ActiveCfg = Release|Any CPU
		{E54C06CE-CE46-4F54-850C-9EB51198C4EA}.Release|Any CPU.Build.0 = Release|Any CPU
		{BEDEB1EC-9198-409C-8642-61F0D692D51D}.Debug|Any CPU.ActiveCfg = Debug|Any CPU
		{BEDEB1EC-9198-409C-8642-61F0D692D51D}.Debug|Any CPU.Build.0 = Debug|Any CPU
		{BEDEB1EC-9198-409C-8642-61F0D692D51D}.Release|Any CPU.ActiveCfg = Release|Any CPU
		{BEDEB1EC-9198-409C-8642-61F0D692D51D}.Release|Any CPU.Build.0 = Release|Any CPU
		{B14E7E67-E9E2-42A6-91DA-F892CEE0414A}.Debug|Any CPU.ActiveCfg = Debug|Any CPU
		{B14E7E67-E9E2-42A6-91DA-F892CEE0414A}.Debug|Any CPU.Build.0 = Debug|Any CPU
		{B14E7E67-E9E2-42A6-91DA-F892CEE0414A}.Release|Any CPU.ActiveCfg = Release|Any CPU
		{B14E7E67-E9E2-42A6-91DA-F892CEE0414A}.Release|Any CPU.Build.0 = Release|Any CPU
	EndGlobalSection
	GlobalSection(SolutionProperties) = preSolution
		HideSolutionNode = FALSE
	EndGlobalSection
	GlobalSection(NestedProjects) = preSolution
		{E4F3FD70-5E39-4BE0-97C8-2CB7B29EE8E3} = {C309C25C-ED8B-4DE6-8A58-BF7D474EF55E}
		{CB9FDE9B-E7AB-4403-AA08-50F6041B6AD4} = {7CF7AD43-E29B-4D07-AC0C-A07B029F6022}
		{C5F1CE9A-ADE3-4ED1-98A9-FE5804195A08} = {7CF7AD43-E29B-4D07-AC0C-A07B029F6022}
		{9D33FCA9-A47B-4CBB-9B48-08FDD442F55D} = {7CF7AD43-E29B-4D07-AC0C-A07B029F6022}
		{531854BB-D6DE-4934-AA56-E87C929CADDD} = {EB94D0F5-02B8-4A42-98BD-F93C588DBF5F}
		{6B4DE29C-BE77-4EE6-9E18-F71DCC2D7214} = {EB94D0F5-02B8-4A42-98BD-F93C588DBF5F}
		{F5441CCC-DBAF-4CAF-8981-A3FE5FC25375} = {EB94D0F5-02B8-4A42-98BD-F93C588DBF5F}
		{10AA1B30-B2B3-466D-832A-0D7D21E9F306} = {EB94D0F5-02B8-4A42-98BD-F93C588DBF5F}
		{16C1D9AA-7038-4C07-BB20-12CCBB3F9541} = {4B84A62E-EB26-4517-B6C0-B05D7D74396D}
		{BEA44A3F-F93E-4FC1-B230-E49F8EAF9D2F} = {4B84A62E-EB26-4517-B6C0-B05D7D74396D}
		{D3F0B7A4-C61D-4B2E-9FB8-C59B761DE95C} = {4B84A62E-EB26-4517-B6C0-B05D7D74396D}
		{E54C06CE-CE46-4F54-850C-9EB51198C4EA} = {7AB9EE5D-3E28-431C-AFE0-A8DB5A3DA40E}
		{BEDEB1EC-9198-409C-8642-61F0D692D51D} = {0F6ACB89-EBB0-40E6-A46C-40BA50D60639}
		{B14E7E67-E9E2-42A6-91DA-F892CEE0414A} = {FF2D74DE-01B3-4BD8-88EF-2ED97D99B131}
	EndGlobalSection
	GlobalSection(ExtensibilityGlobals) = postSolution
		SolutionGuid = {78EF3A22-7BCB-430F-B5DC-0DFA92B9A296}
	EndGlobalSection
EndGlobal
